
Microsoft Visual Studio Solution File, Format Version 12.00
# Visual Studio 15
VisualStudioVersion = 15.0.26730.16
MinimumVisualStudioVersion = 10.0.40219.1
Project("{FAE04EC0-301F-11D3-BF4B-00C04F79EFBC}") = "R-123", "R-123\R-123.csproj", "{1D44611E-A3BA-40CC-BA32-5CAC33A24456}"
EndProject
Global
	GlobalSection(SolutionConfigurationPlatforms) = preSolution
		Debug|Any CPU = Debug|Any CPU
		Release|Any CPU = Release|Any CPU
	EndGlobalSection
	GlobalSection(ProjectConfigurationPlatforms) = postSolution
		{1D44611E-A3BA-40CC-BA32-5CAC33A24456}.Debug|Any CPU.ActiveCfg = Debug|Any CPU
		{1D44611E-A3BA-40CC-BA32-5CAC33A24456}.Debug|Any CPU.Build.0 = Debug|Any CPU
		{1D44611E-A3BA-40CC-BA32-5CAC33A24456}.Release|Any CPU.ActiveCfg = Release|Any CPU
		{1D44611E-A3BA-40CC-BA32-5CAC33A24456}.Release|Any CPU.Build.0 = Release|Any CPU
	EndGlobalSection
	GlobalSection(SolutionProperties) = preSolution
		HideSolutionNode = FALSE
	EndGlobalSection
	GlobalSection(ExtensibilityGlobals) = postSolution
		SolutionGuid = {AA8ED140-30FD-4F07-A4F6-5229D1B4B3A7}
	EndGlobalSection
EndGlobal
