
Microsoft Visual Studio Solution File, Format Version 12.00
# Visual Studio 15
VisualStudioVersion = 15.0.27130.2036
MinimumVisualStudioVersion = 10.0.40219.1
Project("{FAE04EC0-301F-11D3-BF4B-00C04F79EFBC}") = "R123", "R123\R123.csproj", "{A9046D67-5A9B-4D68-9A20-59F4688082AA}"
EndProject
Project("{FAE04EC0-301F-11D3-BF4B-00C04F79EFBC}") = "RadioPipeline", "RadioPipeline\RadioPipeline.csproj", "{62BD5B17-25B1-4024-891C-5398644B6DFC}"
EndProject
Project("{FAE04EC0-301F-11D3-BF4B-00C04F79EFBC}") = "P2PMulticastNetwork", "P2PMulticastNetwork\P2PMulticastNetwork.csproj", "{DC232498-6FB2-4562-B888-E32FEC97BBF5}"
EndProject
Project("{FAE04EC0-301F-11D3-BF4B-00C04F79EFBC}") = "CommonRadioTests", "CommonRadioTests\CommonRadioTests.csproj", "{CFABE7AC-D88D-4AC1-AE92-9B552611341C}"
EndProject
Project("{FAE04EC0-301F-11D3-BF4B-00C04F79EFBC}") = "ConsoleClientNetworkTest", "ConsoleClientNetworkTest\ConsoleClientNetworkTest.csproj", "{2A2D3798-CBD4-4991-A302-C08EE8E2EBF8}"
EndProject
Project("{FAE04EC0-301F-11D3-BF4B-00C04F79EFBC}") = "ConsoleServerNetworkTest", "ConsoleServerNetworkTest\ConsoleServerNetworkTest.csproj", "{FC02763E-591C-40BB-A729-BCB788DBCB67}"
EndProject
Project("{FAE04EC0-301F-11D3-BF4B-00C04F79EFBC}") = "AudioClientTest", "AudioClientTest\AudioClientTest.csproj", "{416708BB-AE92-4AAD-8A44-37B5B0A46A68}"
EndProject
Project("{FAE04EC0-301F-11D3-BF4B-00C04F79EFBC}") = "AudioServerTest", "AudioServerTest\AudioServerTest.csproj", "{C68180A3-6BF2-42DC-A3A5-357D4710802A}"
EndProject
Global
	GlobalSection(SolutionConfigurationPlatforms) = preSolution
		Debug|Any CPU = Debug|Any CPU
		Debug|x64 = Debug|x64
		Debug|x86 = Debug|x86
		Release|Any CPU = Release|Any CPU
		Release|x64 = Release|x64
		Release|x86 = Release|x86
	EndGlobalSection
	GlobalSection(ProjectConfigurationPlatforms) = postSolution
		{A9046D67-5A9B-4D68-9A20-59F4688082AA}.Debug|Any CPU.ActiveCfg = Debug|Any CPU
		{A9046D67-5A9B-4D68-9A20-59F4688082AA}.Debug|Any CPU.Build.0 = Debug|Any CPU
		{A9046D67-5A9B-4D68-9A20-59F4688082AA}.Debug|x64.ActiveCfg = Debug|Any CPU
		{A9046D67-5A9B-4D68-9A20-59F4688082AA}.Debug|x64.Build.0 = Debug|Any CPU
		{A9046D67-5A9B-4D68-9A20-59F4688082AA}.Debug|x86.ActiveCfg = Debug|Any CPU
		{A9046D67-5A9B-4D68-9A20-59F4688082AA}.Debug|x86.Build.0 = Debug|Any CPU
		{A9046D67-5A9B-4D68-9A20-59F4688082AA}.Release|Any CPU.ActiveCfg = Release|Any CPU
		{A9046D67-5A9B-4D68-9A20-59F4688082AA}.Release|Any CPU.Build.0 = Release|Any CPU
		{A9046D67-5A9B-4D68-9A20-59F4688082AA}.Release|x64.ActiveCfg = Release|Any CPU
		{A9046D67-5A9B-4D68-9A20-59F4688082AA}.Release|x64.Build.0 = Release|Any CPU
		{A9046D67-5A9B-4D68-9A20-59F4688082AA}.Release|x86.ActiveCfg = Release|Any CPU
		{A9046D67-5A9B-4D68-9A20-59F4688082AA}.Release|x86.Build.0 = Release|Any CPU
		{62BD5B17-25B1-4024-891C-5398644B6DFC}.Debug|Any CPU.ActiveCfg = Debug|Any CPU
		{62BD5B17-25B1-4024-891C-5398644B6DFC}.Debug|Any CPU.Build.0 = Debug|Any CPU
		{62BD5B17-25B1-4024-891C-5398644B6DFC}.Debug|x64.ActiveCfg = Debug|Any CPU
		{62BD5B17-25B1-4024-891C-5398644B6DFC}.Debug|x64.Build.0 = Debug|Any CPU
		{62BD5B17-25B1-4024-891C-5398644B6DFC}.Debug|x86.ActiveCfg = Debug|Any CPU
		{62BD5B17-25B1-4024-891C-5398644B6DFC}.Debug|x86.Build.0 = Debug|Any CPU
		{62BD5B17-25B1-4024-891C-5398644B6DFC}.Release|Any CPU.ActiveCfg = Release|Any CPU
		{62BD5B17-25B1-4024-891C-5398644B6DFC}.Release|Any CPU.Build.0 = Release|Any CPU
		{62BD5B17-25B1-4024-891C-5398644B6DFC}.Release|x64.ActiveCfg = Release|Any CPU
		{62BD5B17-25B1-4024-891C-5398644B6DFC}.Release|x64.Build.0 = Release|Any CPU
		{62BD5B17-25B1-4024-891C-5398644B6DFC}.Release|x86.ActiveCfg = Release|Any CPU
		{62BD5B17-25B1-4024-891C-5398644B6DFC}.Release|x86.Build.0 = Release|Any CPU
		{DC232498-6FB2-4562-B888-E32FEC97BBF5}.Debug|Any CPU.ActiveCfg = Debug|Any CPU
		{DC232498-6FB2-4562-B888-E32FEC97BBF5}.Debug|Any CPU.Build.0 = Debug|Any CPU
		{DC232498-6FB2-4562-B888-E32FEC97BBF5}.Debug|x64.ActiveCfg = Debug|Any CPU
		{DC232498-6FB2-4562-B888-E32FEC97BBF5}.Debug|x64.Build.0 = Debug|Any CPU
		{DC232498-6FB2-4562-B888-E32FEC97BBF5}.Debug|x86.ActiveCfg = Debug|Any CPU
		{DC232498-6FB2-4562-B888-E32FEC97BBF5}.Debug|x86.Build.0 = Debug|Any CPU
		{DC232498-6FB2-4562-B888-E32FEC97BBF5}.Release|Any CPU.ActiveCfg = Release|Any CPU
		{DC232498-6FB2-4562-B888-E32FEC97BBF5}.Release|Any CPU.Build.0 = Release|Any CPU
		{DC232498-6FB2-4562-B888-E32FEC97BBF5}.Release|x64.ActiveCfg = Release|Any CPU
		{DC232498-6FB2-4562-B888-E32FEC97BBF5}.Release|x64.Build.0 = Release|Any CPU
		{DC232498-6FB2-4562-B888-E32FEC97BBF5}.Release|x86.ActiveCfg = Release|Any CPU
		{DC232498-6FB2-4562-B888-E32FEC97BBF5}.Release|x86.Build.0 = Release|Any CPU
		{CFABE7AC-D88D-4AC1-AE92-9B552611341C}.Debug|Any CPU.ActiveCfg = Debug|Any CPU
		{CFABE7AC-D88D-4AC1-AE92-9B552611341C}.Debug|Any CPU.Build.0 = Debug|Any CPU
		{CFABE7AC-D88D-4AC1-AE92-9B552611341C}.Debug|x64.ActiveCfg = Debug|Any CPU
		{CFABE7AC-D88D-4AC1-AE92-9B552611341C}.Debug|x64.Build.0 = Debug|Any CPU
		{CFABE7AC-D88D-4AC1-AE92-9B552611341C}.Debug|x86.ActiveCfg = Debug|Any CPU
		{CFABE7AC-D88D-4AC1-AE92-9B552611341C}.Debug|x86.Build.0 = Debug|Any CPU
		{CFABE7AC-D88D-4AC1-AE92-9B552611341C}.Release|Any CPU.ActiveCfg = Release|Any CPU
		{CFABE7AC-D88D-4AC1-AE92-9B552611341C}.Release|Any CPU.Build.0 = Release|Any CPU
		{CFABE7AC-D88D-4AC1-AE92-9B552611341C}.Release|x64.ActiveCfg = Release|Any CPU
		{CFABE7AC-D88D-4AC1-AE92-9B552611341C}.Release|x64.Build.0 = Release|Any CPU
		{CFABE7AC-D88D-4AC1-AE92-9B552611341C}.Release|x86.ActiveCfg = Release|Any CPU
		{CFABE7AC-D88D-4AC1-AE92-9B552611341C}.Release|x86.Build.0 = Release|Any CPU
		{2A2D3798-CBD4-4991-A302-C08EE8E2EBF8}.Debug|Any CPU.ActiveCfg = Debug|Any CPU
		{2A2D3798-CBD4-4991-A302-C08EE8E2EBF8}.Debug|Any CPU.Build.0 = Debug|Any CPU
		{2A2D3798-CBD4-4991-A302-C08EE8E2EBF8}.Debug|x64.ActiveCfg = Debug|Any CPU
		{2A2D3798-CBD4-4991-A302-C08EE8E2EBF8}.Debug|x64.Build.0 = Debug|Any CPU
		{2A2D3798-CBD4-4991-A302-C08EE8E2EBF8}.Debug|x86.ActiveCfg = Debug|Any CPU
		{2A2D3798-CBD4-4991-A302-C08EE8E2EBF8}.Debug|x86.Build.0 = Debug|Any CPU
		{2A2D3798-CBD4-4991-A302-C08EE8E2EBF8}.Release|Any CPU.ActiveCfg = Release|Any CPU
		{2A2D3798-CBD4-4991-A302-C08EE8E2EBF8}.Release|Any CPU.Build.0 = Release|Any CPU
		{2A2D3798-CBD4-4991-A302-C08EE8E2EBF8}.Release|x64.ActiveCfg = Release|Any CPU
		{2A2D3798-CBD4-4991-A302-C08EE8E2EBF8}.Release|x64.Build.0 = Release|Any CPU
		{2A2D3798-CBD4-4991-A302-C08EE8E2EBF8}.Release|x86.ActiveCfg = Release|Any CPU
		{2A2D3798-CBD4-4991-A302-C08EE8E2EBF8}.Release|x86.Build.0 = Release|Any CPU
		{FC02763E-591C-40BB-A729-BCB788DBCB67}.Debug|Any CPU.ActiveCfg = Debug|Any CPU
		{FC02763E-591C-40BB-A729-BCB788DBCB67}.Debug|Any CPU.Build.0 = Debug|Any CPU
		{FC02763E-591C-40BB-A729-BCB788DBCB67}.Debug|x64.ActiveCfg = Debug|Any CPU
		{FC02763E-591C-40BB-A729-BCB788DBCB67}.Debug|x64.Build.0 = Debug|Any CPU
		{FC02763E-591C-40BB-A729-BCB788DBCB67}.Debug|x86.ActiveCfg = Debug|Any CPU
		{FC02763E-591C-40BB-A729-BCB788DBCB67}.Debug|x86.Build.0 = Debug|Any CPU
		{FC02763E-591C-40BB-A729-BCB788DBCB67}.Release|Any CPU.ActiveCfg = Release|Any CPU
		{FC02763E-591C-40BB-A729-BCB788DBCB67}.Release|Any CPU.Build.0 = Release|Any CPU
		{FC02763E-591C-40BB-A729-BCB788DBCB67}.Release|x64.ActiveCfg = Release|Any CPU
		{FC02763E-591C-40BB-A729-BCB788DBCB67}.Release|x64.Build.0 = Release|Any CPU
		{FC02763E-591C-40BB-A729-BCB788DBCB67}.Release|x86.ActiveCfg = Release|Any CPU
		{FC02763E-591C-40BB-A729-BCB788DBCB67}.Release|x86.Build.0 = Release|Any CPU
		{416708BB-AE92-4AAD-8A44-37B5B0A46A68}.Debug|Any CPU.ActiveCfg = Debug|Any CPU
		{416708BB-AE92-4AAD-8A44-37B5B0A46A68}.Debug|Any CPU.Build.0 = Debug|Any CPU
		{416708BB-AE92-4AAD-8A44-37B5B0A46A68}.Debug|x64.ActiveCfg = Debug|Any CPU
		{416708BB-AE92-4AAD-8A44-37B5B0A46A68}.Debug|x64.Build.0 = Debug|Any CPU
		{416708BB-AE92-4AAD-8A44-37B5B0A46A68}.Debug|x86.ActiveCfg = Debug|Any CPU
		{416708BB-AE92-4AAD-8A44-37B5B0A46A68}.Debug|x86.Build.0 = Debug|Any CPU
		{416708BB-AE92-4AAD-8A44-37B5B0A46A68}.Release|Any CPU.ActiveCfg = Release|Any CPU
		{416708BB-AE92-4AAD-8A44-37B5B0A46A68}.Release|Any CPU.Build.0 = Release|Any CPU
		{416708BB-AE92-4AAD-8A44-37B5B0A46A68}.Release|x64.ActiveCfg = Release|Any CPU
		{416708BB-AE92-4AAD-8A44-37B5B0A46A68}.Release|x64.Build.0 = Release|Any CPU
		{416708BB-AE92-4AAD-8A44-37B5B0A46A68}.Release|x86.ActiveCfg = Release|Any CPU
		{416708BB-AE92-4AAD-8A44-37B5B0A46A68}.Release|x86.Build.0 = Release|Any CPU
		{C68180A3-6BF2-42DC-A3A5-357D4710802A}.Debug|Any CPU.ActiveCfg = Debug|Any CPU
		{C68180A3-6BF2-42DC-A3A5-357D4710802A}.Debug|Any CPU.Build.0 = Debug|Any CPU
		{C68180A3-6BF2-42DC-A3A5-357D4710802A}.Debug|x64.ActiveCfg = Debug|Any CPU
		{C68180A3-6BF2-42DC-A3A5-357D4710802A}.Debug|x64.Build.0 = Debug|Any CPU
		{C68180A3-6BF2-42DC-A3A5-357D4710802A}.Debug|x86.ActiveCfg = Debug|Any CPU
		{C68180A3-6BF2-42DC-A3A5-357D4710802A}.Debug|x86.Build.0 = Debug|Any CPU
		{C68180A3-6BF2-42DC-A3A5-357D4710802A}.Release|Any CPU.ActiveCfg = Release|Any CPU
		{C68180A3-6BF2-42DC-A3A5-357D4710802A}.Release|Any CPU.Build.0 = Release|Any CPU
		{C68180A3-6BF2-42DC-A3A5-357D4710802A}.Release|x64.ActiveCfg = Release|Any CPU
		{C68180A3-6BF2-42DC-A3A5-357D4710802A}.Release|x64.Build.0 = Release|Any CPU
		{C68180A3-6BF2-42DC-A3A5-357D4710802A}.Release|x86.ActiveCfg = Release|Any CPU
		{C68180A3-6BF2-42DC-A3A5-357D4710802A}.Release|x86.Build.0 = Release|Any CPU
	EndGlobalSection
	GlobalSection(SolutionProperties) = preSolution
		HideSolutionNode = FALSE
	EndGlobalSection
	GlobalSection(ExtensibilityGlobals) = postSolution
		SolutionGuid = {B945D3EC-4F7A-462C-82D3-04C2399683AE}
	EndGlobalSection
EndGlobal
